{
    "name": "open-ticket",
    "version": "4.2.0",
    "lockfileVersion": 3,
    "requires": true,
    "packages": {
        "": {
            "name": "open-ticket",
            "version": "4.2.0",
            "license": "GPL-3.0-only",
            "dependencies": {
                "@discordjs/rest": "^2.6.1",
                "@open-discord-bots/framework": "^1.0.0",
                "@types/node": "^22.5.0",
                "@types/terminal-kit": "^2.5.7",
                "ansis": "^4.2.0",
                "discord.js": "^14.26.4",
                "formatted-json-stringify": "^1.3.2",
                "terminal-kit": "^3.1.2",
                "typescript": "^6.0.3"
            },
            "funding": {
                "type": "individual",
                "url": "https://github.com/sponsors/DJj123dj"
            }
        },
        "node_modules/@cronvel/get-pixels": {
            "version": "3.4.1",
            "resolved": "https://registry.npmjs.org/@cronvel/get-pixels/-/get-pixels-3.4.1.tgz",
            "integrity": "sha512-gB5C5nDIacLUdsMuW8YsM9SzK3vaFANe4J11CVXpovpy7bZUGrcJKmc6m/0gWG789pKr6XSZY2aEetjFvSRw5g==",
            "license": "MIT",
            "dependencies": {
                "jpeg-js": "^0.4.4",
                "ndarray": "^1.0.19",
                "ndarray-pack": "^1.1.1",
                "node-bitmap": "0.0.1",
                "omggif": "^1.0.10",
                "pngjs": "^6.0.0"
            }
        },
        "node_modules/@discordjs/builders": {
            "version": "1.14.1",
            "resolved": "https://registry.npmjs.org/@discordjs/builders/-/builders-1.14.1.tgz",
            "integrity": "sha512-gSKkhXLqs96TCzk66VZuHHl8z2bQMJFGwrXC0f33ngK+FLNau4hU1PYny3DNJfNdSH+gVMzE85/d5FQ2BpcNwQ==",
            "license": "Apache-2.0",
            "dependencies": {
                "@discordjs/formatters": "^0.6.2",
                "@discordjs/util": "^1.2.0",
                "@sapphire/shapeshift": "^4.0.0",
                "discord-api-types": "^0.38.40",
                "fast-deep-equal": "^3.1.3",
                "ts-mixer": "^6.0.4",
                "tslib": "^2.6.3"
            },
            "engines": {
                "node": ">=16.11.0"
            },
            "funding": {
                "url": "https://github.com/discordjs/discord.js?sponsor"
            }
        },
        "node_modules/@discordjs/collection": {
            "version": "2.1.1",
            "resolved": "https://registry.npmjs.org/@discordjs/collection/-/collection-2.1.1.tgz",
            "integrity": "sha512-LiSusze9Tc7qF03sLCujF5iZp7K+vRNEDBZ86FT9aQAv3vxMLihUvKvpsCWiQ2DJq1tVckopKm1rxomgNUc9hg==",
            "license": "Apache-2.0",
            "engines": {
                "node": ">=18"
            },
            "funding": {
                "url": "https://github.com/discordjs/discord.js?sponsor"
            }
        },
        "node_modules/@discordjs/formatters": {
            "version": "0.6.2",
            "resolved": "https://registry.npmjs.org/@discordjs/formatters/-/formatters-0.6.2.tgz",
            "integrity": "sha512-y4UPwWhH6vChKRkGdMB4odasUbHOUwy7KL+OVwF86PvT6QVOwElx+TiI1/6kcmcEe+g5YRXJFiXSXUdabqZOvQ==",
            "license": "Apache-2.0",
            "dependencies": {
                "discord-api-types": "^0.38.33"
            },
            "engines": {
                "node": ">=16.11.0"
            },
            "funding": {
                "url": "https://github.com/discordjs/discord.js?sponsor"
            }
        },
        "node_modules/@discordjs/rest": {
            "version": "2.6.1",
            "resolved": "https://registry.npmjs.org/@discordjs/rest/-/rest-2.6.1.tgz",
            "integrity": "sha512-wwQdgjeaoYFiaG+atbqx6aJDpqW7JHAo0HrQkBTbYzM3/PJ3GweQIpgElNcGZ26DCUOXMyawYd0YF7vtr+fZXg==",
            "license": "Apache-2.0",
            "dependencies": {
                "@discordjs/collection": "^2.1.1",
                "@discordjs/util": "^1.2.0",
                "@sapphire/async-queue": "^1.5.3",
                "@sapphire/snowflake": "^3.5.5",
                "@vladfrangu/async_event_emitter": "^2.4.6",
                "discord-api-types": "^0.38.40",
                "magic-bytes.js": "^1.13.0",
                "tslib": "^2.6.3",
                "undici": "6.24.1"
            },
            "engines": {
                "node": ">=18"
            },
            "funding": {
                "url": "https://github.com/discordjs/discord.js?sponsor"
            }
        },
        "node_modules/@discordjs/util": {
            "version": "1.2.0",
            "resolved": "https://registry.npmjs.org/@discordjs/util/-/util-1.2.0.tgz",
            "integrity": "sha512-3LKP7F2+atl9vJFhaBjn4nOaSWahZ/yWjOvA4e5pnXkt2qyXRCHLxoBQy81GFtLGCq7K9lPm9R517M1U+/90Qg==",
            "license": "Apache-2.0",
            "dependencies": {
                "discord-api-types": "^0.38.33"
            },
            "engines": {
                "node": ">=18"
            },
            "funding": {
                "url": "https://github.com/discordjs/discord.js?sponsor"
            }
        },
        "node_modules/@discordjs/ws": {
            "version": "1.2.3",
            "resolved": "https://registry.npmjs.org/@discordjs/ws/-/ws-1.2.3.tgz",
            "integrity": "sha512-wPlQDxEmlDg5IxhJPuxXr3Vy9AjYq5xCvFWGJyD7w7Np8ZGu+Mc+97LCoEc/+AYCo2IDpKioiH0/c/mj5ZR9Uw==",
            "license": "Apache-2.0",
            "dependencies": {
                "@discordjs/collection": "^2.1.0",
                "@discordjs/rest": "^2.5.1",
                "@discordjs/util": "^1.1.0",
                "@sapphire/async-queue": "^1.5.2",
                "@types/ws": "^8.5.10",
                "@vladfrangu/async_event_emitter": "^2.2.4",
                "discord-api-types": "^0.38.1",
                "tslib": "^2.6.2",
                "ws": "^8.17.0"
            },
            "engines": {
                "node": ">=16.11.0"
            },
            "funding": {
                "url": "https://github.com/discordjs/discord.js?sponsor"
            }
        },
        "node_modules/@open-discord-bots/framework": {
            "version": "1.0.0",
            "resolved": "https://registry.npmjs.org/@open-discord-bots/framework/-/framework-1.0.0.tgz",
            "integrity": "sha512-rx/TOKPO+r2YdMAViXWHi4zEdZvynFeSAva3JAWHOCKFqtFT+2Vv0SCAebW3GwhH8ShR+Hw5Xie4AFwrQ2TQTQ==",
            "license": "GPL-3.0-only",
            "dependencies": {
                "@discordjs/rest": "^2.6.1",
                "@types/terminal-kit": "^2.5.7",
                "ansis": "^4.3.0",
                "discord.js": "^14.26.4",
                "formatted-json-stringify": "^1.3.2",
                "jsonc": "^2.0.0",
                "terminal-kit": "^3.1.2",
                "typescript": "^6.0.3"
            }
        },
        "node_modules/@sapphire/async-queue": {
            "version": "1.5.5",
            "resolved": "https://registry.npmjs.org/@sapphire/async-queue/-/async-queue-1.5.5.tgz",
            "integrity": "sha512-cvGzxbba6sav2zZkH8GPf2oGk9yYoD5qrNWdu9fRehifgnFZJMV+nuy2nON2roRO4yQQ+v7MK/Pktl/HgfsUXg==",
            "license": "MIT",
            "engines": {
                "node": ">=v14.0.0",
                "npm": ">=7.0.0"
            }
        },
        "node_modules/@sapphire/shapeshift": {
            "version": "4.0.0",
            "resolved": "https://registry.npmjs.org/@sapphire/shapeshift/-/shapeshift-4.0.0.tgz",
            "integrity": "sha512-d9dUmWVA7MMiKobL3VpLF8P2aeanRTu6ypG2OIaEv/ZHH/SUQ2iHOVyi5wAPjQ+HmnMuL0whK9ez8I/raWbtIg==",
            "license": "MIT",
            "dependencies": {
                "fast-deep-equal": "^3.1.3",
                "lodash": "^4.17.21"
            },
            "engines": {
                "node": ">=v16"
            }
        },
        "node_modules/@sapphire/snowflake": {
            "version": "3.5.5",
            "resolved": "https://registry.npmjs.org/@sapphire/snowflake/-/snowflake-3.5.5.tgz",
            "integrity": "sha512-xzvBr1Q1c4lCe7i6sRnrofxeO1QTP/LKQ6A6qy0iB4x5yfiSfARMEQEghojzTNALDTcv8En04qYNIco9/K9eZQ==",
            "license": "MIT",
            "engines": {
                "node": ">=v14.0.0",
                "npm": ">=7.0.0"
            }
        },
        "node_modules/@types/nextgen-events": {
            "version": "1.1.4",
            "resolved": "https://registry.npmjs.org/@types/nextgen-events/-/nextgen-events-1.1.4.tgz",
            "integrity": "sha512-YczHp+887i3MpHUOCOztk7y10SklNZ3aQlToKnu0LON0ZdFpgwq8POtnATAoFz8V1IxyR6d8pp8ZyYkUIy26Cw==",
            "license": "MIT"
        },
        "node_modules/@types/node": {
            "version": "22.19.19",
            "resolved": "https://registry.npmjs.org/@types/node/-/node-22.19.19.tgz",
            "integrity": "sha512-dyh/xO2Fh5bYrfWaaqGrRQQGkNdmYw6AmaAUvYeUMNTWQtvb796ikLdmTchRmOlOiIJ1TDXfWgVx1QkUlQ6Hew==",
            "license": "MIT",
            "dependencies": {
                "undici-types": "~6.21.0"
            }
        },
        "node_modules/@types/terminal-kit": {
            "version": "2.5.7",
            "resolved": "https://registry.npmjs.org/@types/terminal-kit/-/terminal-kit-2.5.7.tgz",
            "integrity": "sha512-IpbCBFSb3OqCEZBZlk368tGftqss88eNQaJdD9msEShRbksEiVahEqroONi60ppUt9/arLM6IDrHMx9jpzzCOw==",
            "license": "MIT",
            "dependencies": {
                "@types/nextgen-events": "*"
            }
        },
        "node_modules/@types/ws": {
            "version": "8.18.1",
            "resolved": "https://registry.npmjs.org/@types/ws/-/ws-8.18.1.tgz",
            "integrity": "sha512-ThVF6DCVhA8kUGy+aazFQ4kXQ7E1Ty7A3ypFOe0IcJV8O/M511G99AW24irKrW56Wt44yG9+ij8FaqoBGkuBXg==",
            "license": "MIT",
            "dependencies": {
                "@types/node": "*"
            }
        },
        "node_modules/@vladfrangu/async_event_emitter": {
            "version": "2.4.7",
            "resolved": "https://registry.npmjs.org/@vladfrangu/async_event_emitter/-/async_event_emitter-2.4.7.tgz",
            "integrity": "sha512-Xfe6rpCTxSxfbswi/W/Pz7zp1WWSNn4A0eW4mLkQUewCrXXtMj31lCg+iQyTkh/CkusZSq9eDflu7tjEDXUY6g==",
            "license": "MIT",
            "engines": {
                "node": ">=v14.0.0",
                "npm": ">=7.0.0"
            }
        },
        "node_modules/ansis": {
            "version": "4.3.0",
            "resolved": "https://registry.npmjs.org/ansis/-/ansis-4.3.0.tgz",
            "integrity": "sha512-44mvgtPvohuU/70DdY5Oz2AIrLJ9k6/5x4KmoSvPwO+5Moijo0+N9D0fKbbYZQWP1hNm5CpOf+E01jhxG/r8xg==",
            "license": "ISC",
            "engines": {
                "node": ">=14"
            }
        },
        "node_modules/chroma-js": {
            "version": "2.6.0",
            "resolved": "https://registry.npmjs.org/chroma-js/-/chroma-js-2.6.0.tgz",
            "integrity": "sha512-BLHvCB9s8Z1EV4ethr6xnkl/P2YRFOGqfgvuMG/MyCbZPrTA+NeiByY6XvgF0zP4/2deU2CXnWyMa3zu1LqQ3A==",
            "license": "(BSD-3-Clause AND Apache-2.0)"
        },
        "node_modules/cwise-compiler": {
            "version": "1.1.3",
            "resolved": "https://registry.npmjs.org/cwise-compiler/-/cwise-compiler-1.1.3.tgz",
            "integrity": "sha512-WXlK/m+Di8DMMcCjcWr4i+XzcQra9eCdXIJrgh4TUgh0pIS/yJduLxS9JgefsHJ/YVLdgPtXm9r62W92MvanEQ==",
            "license": "MIT",
            "dependencies": {
                "uniq": "^1.0.0"
            }
        },
        "node_modules/discord-api-types": {
            "version": "0.38.48",
            "resolved": "https://registry.npmjs.org/discord-api-types/-/discord-api-types-0.38.48.tgz",
            "integrity": "sha512-WFUE/2o0lBlLeCQonQ+Pu2RqHAqbytBJ2RlXR91gzk05InSS6k9ShzzLYoymrA4c2oRgRKGE7/VqQJNNdGWSxQ==",
            "license": "MIT",
            "workspaces": [
                "scripts/actions/documentation"
            ]
        },
        "node_modules/discord.js": {
            "version": "14.26.4",
            "resolved": "https://registry.npmjs.org/discord.js/-/discord.js-14.26.4.tgz",
            "integrity": "sha512-4oBp8tc6Kf8IDBwAHhbsMaAqx1b5fob9SNasZT7V6yyyUydoO5i5fGuX7TmvRtR+q/WgKRnRViRoAWnG7fNyvA==",
            "license": "Apache-2.0",
            "dependencies": {
                "@discordjs/builders": "^1.14.1",
                "@discordjs/collection": "1.5.3",
                "@discordjs/formatters": "^0.6.2",
                "@discordjs/rest": "^2.6.1",
                "@discordjs/util": "^1.2.0",
                "@discordjs/ws": "^1.2.3",
                "@sapphire/snowflake": "3.5.3",
                "discord-api-types": "^0.38.40",
                "fast-deep-equal": "3.1.3",
                "lodash.snakecase": "4.1.1",
                "magic-bytes.js": "^1.13.0",
                "tslib": "^2.6.3",
                "undici": "6.24.1"
            },
            "engines": {
                "node": ">=18"
            },
            "funding": {
                "url": "https://github.com/discordjs/discord.js?sponsor"
            }
        },
        "node_modules/discord.js/node_modules/@discordjs/collection": {
            "version": "1.5.3",
            "resolved": "https://registry.npmjs.org/@discordjs/collection/-/collection-1.5.3.tgz",
            "integrity": "sha512-SVb428OMd3WO1paV3rm6tSjM4wC+Kecaa1EUGX7vc6/fddvw/6lg90z4QtCqm21zvVe92vMMDt9+DkIvjXImQQ==",
            "license": "Apache-2.0",
            "engines": {
                "node": ">=16.11.0"
            }
        },
        "node_modules/discord.js/node_modules/@sapphire/snowflake": {
            "version": "3.5.3",
            "resolved": "https://registry.npmjs.org/@sapphire/snowflake/-/snowflake-3.5.3.tgz",
            "integrity": "sha512-jjmJywLAFoWeBi1W7994zZyiNWPIiqRRNAmSERxyg93xRGzNYvGjlZ0gR6x0F4gPRi2+0O6S71kOZYyr3cxaIQ==",
            "license": "MIT",
            "engines": {
                "node": ">=v14.0.0",
                "npm": ">=7.0.0"
            }
        },
        "node_modules/error-ex": {
            "version": "1.3.4",
            "resolved": "https://registry.npmjs.org/error-ex/-/error-ex-1.3.4.tgz",
            "integrity": "sha512-sqQamAnR14VgCr1A618A3sGrygcpK+HEbenA/HiEAkkUwcZIIB/tgWqHFxWgOyDh4nB4JCRimh79dR5Ywc9MDQ==",
            "license": "MIT",
            "dependencies": {
                "is-arrayish": "^0.2.1"
            }
        },
        "node_modules/fast-deep-equal": {
            "version": "3.1.3",
            "resolved": "https://registry.npmjs.org/fast-deep-equal/-/fast-deep-equal-3.1.3.tgz",
            "integrity": "sha512-f3qQ9oQy9j2AhBe/H9VC91wLmKBCCU/gDOnKNAYG5hswO7BLKj09Hc5HYNz9cGI++xlpDCIgDaitVs03ATR84Q==",
            "license": "MIT"
        },
        "node_modules/fast-safe-stringify": {
            "version": "2.1.1",
            "resolved": "https://registry.npmjs.org/fast-safe-stringify/-/fast-safe-stringify-2.1.1.tgz",
            "integrity": "sha512-W+KJc2dmILlPplD/H4K9l9LcAHAfPtP6BY84uVLXQ6Evcz9Lcg33Y2z1IVblT6xdY54PXYVHEv+0Wpq8Io6zkA==",
            "license": "MIT"
        },
        "node_modules/formatted-json-stringify": {
            "version": "1.3.2",
            "resolved": "https://registry.npmjs.org/formatted-json-stringify/-/formatted-json-stringify-1.3.2.tgz",
            "integrity": "sha512-iXTXfC95AmO3bK8SMimO1ptPQoPDUiCNyJH3RBFzNSXv9WyQJkoTIPYK6dSVdSAPEu9PEN6jVHMoTLIkh07Shg==",
            "license": "MIT"
        },
        "node_modules/graceful-fs": {
            "version": "4.2.11",
            "resolved": "https://registry.npmjs.org/graceful-fs/-/graceful-fs-4.2.11.tgz",
            "integrity": "sha512-RbJ5/jmFcNNCcDV5o9eTnBLJ/HszWV0P73bc+Ff4nS/rJj+YaS6IGyiOL0VoBYX+l1Wrl3k63h/KrH+nhJ0XvQ==",
            "license": "ISC"
        },
        "node_modules/iota-array": {
            "version": "1.0.0",
            "resolved": "https://registry.npmjs.org/iota-array/-/iota-array-1.0.0.tgz",
            "integrity": "sha512-pZ2xT+LOHckCatGQ3DcG/a+QuEqvoxqkiL7tvE8nn3uuu+f6i1TtpB5/FtWFbxUuVr5PZCx8KskuGatbJDXOWA==",
            "license": "MIT"
        },
        "node_modules/is-arrayish": {
            "version": "0.2.1",
            "resolved": "https://registry.npmjs.org/is-arrayish/-/is-arrayish-0.2.1.tgz",
            "integrity": "sha512-zz06S8t0ozoDXMG+ube26zeCTNXcKIPJZJi8hBrF4idCLms4CG9QtK7qBl1boi5ODzFpjswb5JPmHCbMpjaYzg==",
            "license": "MIT"
        },
        "node_modules/is-buffer": {
            "version": "1.1.6",
            "resolved": "https://registry.npmjs.org/is-buffer/-/is-buffer-1.1.6.tgz",
            "integrity": "sha512-NcdALwpXkTm5Zvvbk7owOUSvVvBKDgKP5/ewfXEznmQFfs4ZRmanOeKBTjRVjka3QFoN6XJ+9F3USqfHqTaU5w==",
            "license": "MIT"
        },
        "node_modules/jpeg-js": {
            "version": "0.4.4",
            "resolved": "https://registry.npmjs.org/jpeg-js/-/jpeg-js-0.4.4.tgz",
            "integrity": "sha512-WZzeDOEtTOBK4Mdsar0IqEU5sMr3vSV2RqkAIzUEV2BHnUfKGyswWFPFwK5EeDo93K3FohSHbLAjj0s1Wzd+dg==",
            "license": "BSD-3-Clause"
        },
        "node_modules/json-parse-better-errors": {
            "version": "1.0.2",
            "resolved": "https://registry.npmjs.org/json-parse-better-errors/-/json-parse-better-errors-1.0.2.tgz",
            "integrity": "sha512-mrqyZKfX5EhL7hvqcV6WG1yYjnjeuYDzDhhcAAUrq8Po85NBQBJP+ZDUT75qZQ98IkUoBqdkExkukOU7Ts2wrw==",
            "license": "MIT"
        },
        "node_modules/jsonc": {
            "version": "2.0.0",
            "resolved": "https://registry.npmjs.org/jsonc/-/jsonc-2.0.0.tgz",
            "integrity": "sha512-B281bLCT2TRMQa+AQUQY5AGcqSOXBOKaYGP4wDzoA/+QswUfN8sODektbPEs9Baq7LGKun5jQbNFpzwGuVYKhw==",
            "license": "MIT",
            "dependencies": {
                "fast-safe-stringify": "^2.0.6",
                "graceful-fs": "^4.1.15",
                "mkdirp": "^0.5.1",
                "parse-json": "^4.0.0",
                "strip-bom": "^4.0.0",
                "strip-json-comments": "^3.0.1"
            },
            "engines": {
                "node": ">=8"
            }
        },
        "node_modules/lazyness": {
            "version": "1.2.0",
            "resolved": "https://registry.npmjs.org/lazyness/-/lazyness-1.2.0.tgz",
            "integrity": "sha512-KenL6EFbwxBwRxG93t0gcUyi0Nw0Ub31FJKN1laA4UscdkL1K1AxUd0gYZdcLU3v+x+wcFi4uQKS5hL+fk500g==",
            "license": "MIT",
            "engines": {
                "node": ">=6.0.0"
            }
        },
        "node_modules/lodash": {
            "version": "4.18.1",
            "resolved": "https://registry.npmjs.org/lodash/-/lodash-4.18.1.tgz",
            "integrity": "sha512-dMInicTPVE8d1e5otfwmmjlxkZoUpiVLwyeTdUsi/Caj/gfzzblBcCE5sRHV/AsjuCmxWrte2TNGSYuCeCq+0Q==",
            "license": "MIT"
        },
        "node_modules/lodash.snakecase": {
            "version": "4.1.1",
            "resolved": "https://registry.npmjs.org/lodash.snakecase/-/lodash.snakecase-4.1.1.tgz",
            "integrity": "sha512-QZ1d4xoBHYUeuouhEq3lk3Uq7ldgyFXGBhg04+oRLnIz8o9T65Eh+8YdroUwn846zchkA9yDsDl5CVVaV2nqYw==",
            "license": "MIT"
        },
        "node_modules/magic-bytes.js": {
            "version": "1.13.0",
            "resolved": "https://registry.npmjs.org/magic-bytes.js/-/magic-bytes.js-1.13.0.tgz",
            "integrity": "sha512-afO2mnxW7GDTXMm5/AoN1WuOcdoKhtgXjIvHmobqTD1grNplhGdv3PFOyjCVmrnOZBIT/gD/koDKpYG+0mvHcg==",
            "license": "MIT"
        },
        "node_modules/minimist": {
            "version": "1.2.8",
            "resolved": "https://registry.npmjs.org/minimist/-/minimist-1.2.8.tgz",
            "integrity": "sha512-2yyAR8qBkN3YuheJanUpWC5U3bb5osDywNB8RzDVlDwDHbocAJveqqj1u8+SVD7jkWT4yvsHCpWqqWqAxb0zCA==",
            "license": "MIT",
            "funding": {
                "url": "https://github.com/sponsors/ljharb"
            }
        },
        "node_modules/mkdirp": {
            "version": "0.5.6",
            "resolved": "https://registry.npmjs.org/mkdirp/-/mkdirp-0.5.6.tgz",
            "integrity": "sha512-FP+p8RB8OWpF3YZBCrP5gtADmtXApB5AMLn+vdyA+PyxCjrCs00mjyUozssO33cwDeT3wNGdLxJ5M//YqtHAJw==",
            "license": "MIT",
            "dependencies": {
                "minimist": "^1.2.6"
            },
            "bin": {
                "mkdirp": "bin/cmd.js"
            }
        },
        "node_modules/ndarray": {
            "version": "1.0.19",
            "resolved": "https://registry.npmjs.org/ndarray/-/ndarray-1.0.19.tgz",
            "integrity": "sha512-B4JHA4vdyZU30ELBw3g7/p9bZupyew5a7tX1Y/gGeF2hafrPaQZhgrGQfsvgfYbgdFZjYwuEcnaobeM/WMW+HQ==",
            "license": "MIT",
            "dependencies": {
                "iota-array": "^1.0.0",
                "is-buffer": "^1.0.2"
            }
        },
        "node_modules/ndarray-pack": {
            "version": "1.2.1",
            "resolved": "https://registry.npmjs.org/ndarray-pack/-/ndarray-pack-1.2.1.tgz",
            "integrity": "sha512-51cECUJMT0rUZNQa09EoKsnFeDL4x2dHRT0VR5U2H5ZgEcm95ZDWcMA5JShroXjHOejmAD/fg8+H+OvUnVXz2g==",
            "license": "MIT",
            "dependencies": {
                "cwise-compiler": "^1.1.2",
                "ndarray": "^1.0.13"
            }
        },
        "node_modules/nextgen-events": {
            "version": "1.5.3",
            "resolved": "https://registry.npmjs.org/nextgen-events/-/nextgen-events-1.5.3.tgz",
            "integrity": "sha512-P6qw6kenNXP+J9XlKJNi/MNHUQ+Lx5K8FEcSfX7/w8KJdZan5+BB5MKzuNgL2RTjHG1Svg8SehfseVEp8zAqwA==",
            "license": "MIT",
            "engines": {
                "node": ">=6.0.0"
            }
        },
        "node_modules/node-bitmap": {
            "version": "0.0.1",
            "resolved": "https://registry.npmjs.org/node-bitmap/-/node-bitmap-0.0.1.tgz",
            "integrity": "sha512-Jx5lPaaLdIaOsj2mVLWMWulXF6GQVdyLvNSxmiYCvZ8Ma2hfKX0POoR2kgKOqz+oFsRreq0yYZjQ2wjE9VNzCA==",
            "engines": {
                "node": ">=v0.6.5"
            }
        },
        "node_modules/omggif": {
            "version": "1.0.10",
            "resolved": "https://registry.npmjs.org/omggif/-/omggif-1.0.10.tgz",
            "integrity": "sha512-LMJTtvgc/nugXj0Vcrrs68Mn2D1r0zf630VNtqtpI1FEO7e+O9FP4gqs9AcnBaSEeoHIPm28u6qgPR0oyEpGSw==",
            "license": "MIT"
        },
        "node_modules/parse-json": {
            "version": "4.0.0",
            "resolved": "https://registry.npmjs.org/parse-json/-/parse-json-4.0.0.tgz",
            "integrity": "sha512-aOIos8bujGN93/8Ox/jPLh7RwVnPEysynVFE+fQZyg6jKELEHwzgKdLRFHUgXJL6kylijVSBC4BvN9OmsB48Rw==",
            "license": "MIT",
            "dependencies": {
                "error-ex": "^1.3.1",
                "json-parse-better-errors": "^1.0.1"
            },
            "engines": {
                "node": ">=4"
            }
        },
        "node_modules/pngjs": {
            "version": "6.0.0",
            "resolved": "https://registry.npmjs.org/pngjs/-/pngjs-6.0.0.tgz",
            "integrity": "sha512-TRzzuFRRmEoSW/p1KVAmiOgPco2Irlah+bGFCeNfJXxxYGwSw7YwAOAcd7X28K/m5bjBWKsC29KyoMfHbypayg==",
            "license": "MIT",
            "engines": {
                "node": ">=12.13.0"
            }
        },
        "node_modules/setimmediate": {
            "version": "1.0.5",
            "resolved": "https://registry.npmjs.org/setimmediate/-/setimmediate-1.0.5.tgz",
            "integrity": "sha512-MATJdZp8sLqDl/68LfQmbP8zKPLQNV6BIZoIgrscFDQ+RsvK/BxeDQOgyxKKoh0y/8h3BqVFnCqQ/gd+reiIXA==",
            "license": "MIT"
        },
        "node_modules/seventh": {
            "version": "0.9.4",
            "resolved": "https://registry.npmjs.org/seventh/-/seventh-0.9.4.tgz",
            "integrity": "sha512-O85mosi4sOfxG+slvqy0j7zLuFD4ylUgEMt7Pvt9Q/wnwNwG/6MNnHKzV9JkAoPoPM26t/DLFn17p7o7u5kIBA==",
            "license": "MIT",
            "dependencies": {
                "setimmediate": "^1.0.5"
            },
            "engines": {
                "node": ">=16.13.0"
            }
        },
        "node_modules/string-kit": {
            "version": "0.19.3",
            "resolved": "https://registry.npmjs.org/string-kit/-/string-kit-0.19.3.tgz",
            "integrity": "sha512-94p913R6+Ea6656A39bqJeHgt64HM9RSq36oc0F8N8Mz76g5+cLaqEwkouqguEDrJ4rhVQpS+tKz214FdtMoqA==",
            "license": "MIT",
            "engines": {
                "node": ">=14.15.0"
            }
        },
        "node_modules/strip-bom": {
            "version": "4.0.0",
            "resolved": "https://registry.npmjs.org/strip-bom/-/strip-bom-4.0.0.tgz",
            "integrity": "sha512-3xurFv5tEgii33Zi8Jtp55wEIILR9eh34FAW00PZf+JnSsTmV/ioewSgQl97JHvgjoRGwPShsWm+IdrxB35d0w==",
            "license": "MIT",
            "engines": {
                "node": ">=8"
            }
        },
        "node_modules/strip-json-comments": {
            "version": "3.1.1",
            "resolved": "https://registry.npmjs.org/strip-json-comments/-/strip-json-comments-3.1.1.tgz",
            "integrity": "sha512-6fPc+R4ihwqP6N/aIv2f1gMH8lOVtWQHoqC4yK6oSDVVocumAsfCqjkXnqiYMhmMwS/mEHLp7Vehlt3ql6lEig==",
            "license": "MIT",
            "engines": {
                "node": ">=8"
            },
            "funding": {
                "url": "https://github.com/sponsors/sindresorhus"
            }
        },
        "node_modules/terminal-kit": {
            "version": "3.1.2",
            "resolved": "https://registry.npmjs.org/terminal-kit/-/terminal-kit-3.1.2.tgz",
            "integrity": "sha512-ro2FyU4A+NwA74DLTYTnoCFYuFpgV1aM07IS6MPrJeajoI2hwF44EdUqjoTmKEl6srYDWtbVkc/b1C16iUnxFQ==",
            "license": "MIT",
            "dependencies": {
                "@cronvel/get-pixels": "^3.4.1",
                "chroma-js": "^2.4.2",
                "lazyness": "^1.2.0",
                "ndarray": "^1.0.19",
                "nextgen-events": "^1.5.3",
                "seventh": "^0.9.2",
                "string-kit": "^0.19.0",
                "tree-kit": "^0.8.7"
            },
            "engines": {
                "node": ">=16.13.0"
            }
        },
        "node_modules/tree-kit": {
            "version": "0.8.10",
            "resolved": "https://registry.npmjs.org/tree-kit/-/tree-kit-0.8.10.tgz",
            "integrity": "sha512-mwuV3lHL+utI9z7vxah/27wrMJprx925xhkw1N4KuGa1dqIi0DLHWfXJpHEyR+ZI0Ij80zN58ztiGp3KlH0wtw==",
            "license": "MIT",
            "engines": {
                "node": ">=16.13.0"
            }
        },
        "node_modules/ts-mixer": {
            "version": "6.0.4",
            "resolved": "https://registry.npmjs.org/ts-mixer/-/ts-mixer-6.0.4.tgz",
            "integrity": "sha512-ufKpbmrugz5Aou4wcr5Wc1UUFWOLhq+Fm6qa6P0w0K5Qw2yhaUoiWszhCVuNQyNwrlGiscHOmqYoAox1PtvgjA==",
            "license": "MIT"
        },
        "node_modules/tslib": {
            "version": "2.8.1",
            "resolved": "https://registry.npmjs.org/tslib/-/tslib-2.8.1.tgz",
            "integrity": "sha512-oJFu94HQb+KVduSUQL7wnpmqnfmLsOA/nAh6b6EH0wCEoK0/mPeXU6c3wKDV83MkOuHPRHtSXKKU99IBazS/2w==",
            "license": "0BSD"
        },
        "node_modules/typescript": {
            "version": "6.0.3",
            "resolved": "https://registry.npmjs.org/typescript/-/typescript-6.0.3.tgz",
            "integrity": "sha512-y2TvuxSZPDyQakkFRPZHKFm+KKVqIisdg9/CZwm9ftvKXLP8NRWj38/ODjNbr43SsoXqNuAisEf1GdCxqWcdBw==",
            "license": "Apache-2.0",
            "bin": {
                "tsc": "bin/tsc",
                "tsserver": "bin/tsserver"
            },
            "engines": {
                "node": ">=14.17"
            }
        },
        "node_modules/undici": {
            "version": "6.24.1",
            "resolved": "https://registry.npmjs.org/undici/-/undici-6.24.1.tgz",
            "integrity": "sha512-sC+b0tB1whOCzbtlx20fx3WgCXwkW627p4EA9uM+/tNNPkSS+eSEld6pAs9nDv7WbY1UUljBMYPtu9BCOrCWKA==",
            "license": "MIT",
            "engines": {
                "node": ">=18.17"
            }
        },
        "node_modules/undici-types": {
            "version": "6.21.0",
            "resolved": "https://registry.npmjs.org/undici-types/-/undici-types-6.21.0.tgz",
            "integrity": "sha512-iwDZqg0QAGrg9Rav5H4n0M64c3mkR59cJ6wQp+7C4nI0gsmExaedaYLNO44eT4AtBBwjbTiGPMlt2Md0T9H9JQ==",
            "license": "MIT"
        },
        "node_modules/uniq": {
            "version": "1.0.1",
            "resolved": "https://registry.npmjs.org/uniq/-/uniq-1.0.1.tgz",
            "integrity": "sha512-Gw+zz50YNKPDKXs+9d+aKAjVwpjNwqzvNpLigIruT4HA9lMZNdMqs9x07kKHB/L9WRzqp4+DlTU5s4wG2esdoA==",
            "license": "MIT"
        },
        "node_modules/ws": {
            "version": "8.21.0",
            "resolved": "https://registry.npmjs.org/ws/-/ws-8.21.0.tgz",
            "integrity": "sha512-Vsp28b7DRcimFQvrqu2Wek3z1iYxDCWqHYB8Qsnk/S4RfaCQzPGPyBNuVjJV3cd6UiKtUtp6sNM77gWvzcCH+g==",
            "license": "MIT",
            "engines": {
                "node": ">=10.0.0"
            },
            "peerDependencies": {
                "bufferutil": "^4.0.1",
                "utf-8-validate": ">=5.0.2"
            },
            "peerDependenciesMeta": {
                "bufferutil": {
                    "optional": true
                },
                "utf-8-validate": {
                    "optional": true
                }
            }
        }
    }
}
